dependencies:
  espressif/mdns:
    component_hash: 29e47564b1a7ee778135e17fbbf2a2773f71c97ebabfe626c8eda7c958a7ad16
    dependencies:
    - name: idf
      require: private
      version: '>=5.0'
    source:
      registry_url: https://components.espressif.com/
      type: service
    version: 1.9.1
  idf:
    source:
      type: idf
    version: 5.5.4
direct_dependencies:
- espressif/mdns
manifest_hash: c4f56f9a9d3c891b13cd49cc50a4a654b18a54bc2c6114de01c6863d6f5aa359
target: esp32
version: 2.0.0
